{
  "version": 4,
  "terraform_version": "1.13.0",
  "serial": 19,
  "lineage": "2d3a1b87-1492-6156-68d6-6909d3e69cda",
  "outputs": {
    "bigquery_dataset_id": {
      "value": "hanoi_real_estate",
      "type": "string"
    },
    "clean_bucket_name": {
      "value": "hanoi-bds-clean-data",
      "type": "string"
    },
    "raw_bucket_name": {
      "value": "hanoi-bds-raw-data",
      "type": "string"
    }
  },
  "resources": [
    {
      "mode": "managed",
      "type": "google_artifact_registry_repository",
      "name": "repo",
      "provider": "provider[\"registry.terraform.io/hashicorp/google\"]",
      "instances": [
        {
          "schema_version": 0,
          "attributes": {
            "cleanup_policies": [],
            "cleanup_policy_dry_run": false,
            "create_time": "2025-10-31T18:13:08.450904Z",
            "description": "",
            "docker_config": [],
            "effective_labels": {},
            "format": "DOCKER",
            "id": "projects/etl-gcp-200501/locations/asia-southeast1/repositories/etl-repo",
            "kms_key_name": "",
            "labels": {},
            "location": "asia-southeast1",
            "maven_config": [],
            "mode": "STANDARD_REPOSITORY",
            "name": "etl-repo",
            "project": "etl-gcp-200501",
            "remote_repository_config": [],
            "repository_id": "etl-repo",
            "terraform_labels": {},
            "timeouts": null,
            "update_time": "2025-10-31T18:13:08.450904Z",
            "virtual_repository_config": []
          },
          "sensitive_attributes": [],
          "identity_schema_version": 0,
          "private": "eyJlMmJmYjczMC1lY2FhLTExZTYtOGY4OC0zNDM2M2JjN2M0YzAiOnsiY3JlYXRlIjoxMjAwMDAwMDAwMDAwLCJkZWxldGUiOjEyMDAwMDAwMDAwMDAsInVwZGF0ZSI6MTIwMDAwMDAwMDAwMH19"
        }
      ]
    },
    {
      "mode": "managed",
      "type": "google_cloud_run_v2_service",
      "name": "crawler",
      "provider": "provider[\"registry.terraform.io/hashicorp/google\"]",
      "instances": [
        {
          "status": "tainted",
          "schema_version": 0,
          "attributes": {
            "annotations": null,
            "binary_authorization": [],
            "client": null,
            "client_version": null,
            "conditions": null,
            "create_time": null,
            "creator": null,
            "custom_audiences": null,
            "delete_time": null,
            "description": null,
            "effective_annotations": null,
            "effective_labels": null,
            "etag": null,
            "expire_time": null,
            "generation": null,
            "id": "projects/etl-gcp-200501/locations/asia-southeast1/services/crawler-service",
            "ingress": null,
            "labels": null,
            "last_modifier": null,
            "latest_created_revision": null,
            "latest_ready_revision": null,
            "launch_stage": null,
            "location": "asia-southeast1",
            "name": "crawler-service",
            "observed_generation": null,
            "project": "etl-gcp-200501",
            "reconciling": null,
            "template": [
              {
                "annotations": null,
                "containers": [
                  {
                    "args": null,
                    "command": null,
                    "depends_on": null,
                    "env": [],
                    "image": "asia-southeast1-docker.pkg.dev/etl-gcp-200501/etl-repo/crawler:latest",
                    "liveness_probe": [],
                    "name": "",
                    "ports": [],
                    "resources": [],
                    "startup_probe": [],
                    "volume_mounts": [],
                    "working_dir": ""
                  }
                ],
                "encryption_key": "",
                "execution_environment": "",
                "labels": null,
                "max_instance_request_concurrency": 0,
                "revision": "",
                "scaling": [],
                "service_account": "",
                "session_affinity": false,
                "timeout": "",
                "volumes": [],
                "vpc_access": []
              }
            ],
            "terminal_condition": null,
            "terraform_labels": null,
            "timeouts": null,
            "traffic": null,
            "traffic_statuses": null,
            "uid": null,
            "update_time": null,
            "uri": null
          },
          "sensitive_attributes": [],
          "identity_schema_version": 0,
          "private": "eyJlMmJmYjczMC1lY2FhLTExZTYtOGY4OC0zNDM2M2JjN2M0YzAiOnsiY3JlYXRlIjoxMjAwMDAwMDAwMDAwLCJkZWxldGUiOjEyMDAwMDAwMDAwMDAsInVwZGF0ZSI6MTIwMDAwMDAwMDAwMH19"
        }
      ]
    },
    {
      "mode": "managed",
      "type": "google_project_iam_member",
      "name": "cf_bigquery_user",
      "provider": "provider[\"registry.terraform.io/hashicorp/google\"]",
      "instances": [
        {
          "schema_version": 0,
          "attributes": {
            "condition": [],
            "etag": "BwZCeFFH4Wc=",
            "id": "etl-gcp-200501/roles/bigquery.user/serviceAccount:cf-handler-sa@etl-gcp-200501.iam.gserviceaccount.com",
            "member": "serviceAccount:cf-handler-sa@etl-gcp-200501.iam.gserviceaccount.com",
            "project": "etl-gcp-200501",
            "role": "roles/bigquery.user"
          },
          "sensitive_attributes": [],
          "identity_schema_version": 0,
          "private": "bnVsbA==",
          "dependencies": [
            "google_service_account.cf_sa"
          ]
        }
      ]
    },
    {
      "mode": "managed",
      "type": "google_project_iam_member",
      "name": "cf_logs_writer",
      "provider": "provider[\"registry.terraform.io/hashicorp/google\"]",
      "instances": [
        {
          "schema_version": 0,
          "attributes": {
            "condition": [],
            "etag": "BwZCeFFH4Wc=",
            "id": "etl-gcp-200501/roles/logging.logWriter/serviceAccount:cf-handler-sa@etl-gcp-200501.iam.gserviceaccount.com",
            "member": "serviceAccount:cf-handler-sa@etl-gcp-200501.iam.gserviceaccount.com",
            "project": "etl-gcp-200501",
            "role": "roles/logging.logWriter"
          },
          "sensitive_attributes": [],
          "identity_schema_version": 0,
          "private": "bnVsbA==",
          "dependencies": [
            "google_service_account.cf_sa"
          ]
        }
      ]
    },
    {
      "mode": "managed",
      "type": "google_project_iam_member",
      "name": "cf_storage_access",
      "provider": "provider[\"registry.terraform.io/hashicorp/google\"]",
      "instances": [
        {
          "schema_version": 0,
          "attributes": {
            "condition": [],
            "etag": "BwZCeFFH4Wc=",
            "id": "etl-gcp-200501/roles/storage.objectAdmin/serviceAccount:cf-handler-sa@etl-gcp-200501.iam.gserviceaccount.com",
            "member": "serviceAccount:cf-handler-sa@etl-gcp-200501.iam.gserviceaccount.com",
            "project": "etl-gcp-200501",
            "role": "roles/storage.objectAdmin"
          },
          "sensitive_attributes": [],
          "identity_schema_version": 0,
          "private": "bnVsbA==",
          "dependencies": [
            "google_service_account.cf_sa"
          ]
        }
      ]
    },
    {
      "mode": "managed",
      "type": "google_project_iam_member",
      "name": "composer_worker",
      "provider": "provider[\"registry.terraform.io/hashicorp/google\"]",
      "instances": [
        {
          "schema_version": 0,
          "attributes": {
            "condition": [],
            "etag": "BwZCeF0qfVs=",
            "id": "etl-gcp-200501/roles/composer.worker/serviceAccount:composer-worker-sa@etl-gcp-200501.iam.gserviceaccount.com",
            "member": "serviceAccount:composer-worker-sa@etl-gcp-200501.iam.gserviceaccount.com",
            "project": "etl-gcp-200501",
            "role": "roles/composer.worker"
          },
          "sensitive_attributes": [],
          "identity_schema_version": 0,
          "private": "bnVsbA==",
          "dependencies": [
            "google_service_account.composer_sa"
          ]
        }
      ]
    },
    {
      "mode": "managed",
      "type": "google_service_account",
      "name": "cf_sa",
      "provider": "provider[\"registry.terraform.io/hashicorp/google\"]",
      "instances": [
        {
          "schema_version": 0,
          "attributes": {
            "account_id": "cf-handler-sa",
            "create_ignore_already_exists": null,
            "description": "",
            "disabled": false,
            "display_name": "Cloud Functions Handler Service Account",
            "email": "cf-handler-sa@etl-gcp-200501.iam.gserviceaccount.com",
            "id": "projects/etl-gcp-200501/serviceAccounts/cf-handler-sa@etl-gcp-200501.iam.gserviceaccount.com",
            "member": "serviceAccount:cf-handler-sa@etl-gcp-200501.iam.gserviceaccount.com",
            "name": "projects/etl-gcp-200501/serviceAccounts/cf-handler-sa@etl-gcp-200501.iam.gserviceaccount.com",
            "project": "etl-gcp-200501",
            "timeouts": null,
            "unique_id": "106889881701293850799"
          },
          "sensitive_attributes": [],
          "identity_schema_version": 0,
          "private": "eyJlMmJmYjczMC1lY2FhLTExZTYtOGY4OC0zNDM2M2JjN2M0YzAiOnsiY3JlYXRlIjozMDAwMDAwMDAwMDB9fQ=="
        }
      ]
    },
    {
      "mode": "managed",
      "type": "google_service_account",
      "name": "composer_sa",
      "provider": "provider[\"registry.terraform.io/hashicorp/google\"]",
      "instances": [
        {
          "schema_version": 0,
          "attributes": {
            "account_id": "composer-worker-sa",
            "create_ignore_already_exists": null,
            "description": "",
            "disabled": false,
            "display_name": "Composer Worker Service Account",
            "email": "composer-worker-sa@etl-gcp-200501.iam.gserviceaccount.com",
            "id": "projects/etl-gcp-200501/serviceAccounts/composer-worker-sa@etl-gcp-200501.iam.gserviceaccount.com",
            "member": "serviceAccount:composer-worker-sa@etl-gcp-200501.iam.gserviceaccount.com",
            "name": "projects/etl-gcp-200501/serviceAccounts/composer-worker-sa@etl-gcp-200501.iam.gserviceaccount.com",
            "project": "etl-gcp-200501",
            "timeouts": null,
            "unique_id": "105895041015320724235"
          },
          "sensitive_attributes": [],
          "identity_schema_version": 0,
          "private": "eyJlMmJmYjczMC1lY2FhLTExZTYtOGY4OC0zNDM2M2JjN2M0YzAiOnsiY3JlYXRlIjozMDAwMDAwMDAwMDB9fQ=="
        }
      ]
    },
    {
      "mode": "managed",
      "type": "google_storage_bucket",
      "name": "clean_bucket",
      "provider": "provider[\"registry.terraform.io/hashicorp/google\"]",
      "instances": [
        {
          "schema_version": 1,
          "attributes": {
            "autoclass": [],
            "cors": [],
            "custom_placement_config": [],
            "default_event_based_hold": false,
            "effective_labels": {},
            "enable_object_retention": false,
            "encryption": [],
            "force_destroy": true,
            "id": "hanoi-bds-clean-data",
            "labels": {},
            "lifecycle_rule": [],
            "location": "ASIA-SOUTHEAST1",
            "logging": [],
            "name": "hanoi-bds-clean-data",
            "project": "etl-gcp-200501",
            "project_number": 957190546537,
            "public_access_prevention": "inherited",
            "requester_pays": false,
            "retention_policy": [],
            "rpo": null,
            "self_link": "https://www.googleapis.com/storage/v1/b/hanoi-bds-clean-data",
            "soft_delete_policy": [
              {
                "effective_time": "2025-10-31T18:12:59.309Z",
                "retention_duration_seconds": 604800
              }
            ],
            "storage_class": "STANDARD",
            "terraform_labels": {},
            "timeouts": null,
            "uniform_bucket_level_access": false,
            "url": "gs://hanoi-bds-clean-data",
            "versioning": [],
            "website": []
          },
          "sensitive_attributes": [],
          "identity_schema_version": 0,
          "private": "eyJlMmJmYjczMC1lY2FhLTExZTYtOGY4OC0zNDM2M2JjN2M0YzAiOnsiY3JlYXRlIjo2MDAwMDAwMDAwMDAsInJlYWQiOjI0MDAwMDAwMDAwMCwidXBkYXRlIjoyNDAwMDAwMDAwMDB9LCJzY2hlbWFfdmVyc2lvbiI6IjEifQ=="
        }
      ]
    }
  ],
  "check_results": null
}
